
Microsoft Visual Studio Solution File, Format Version 12.00
# Visual Studio Version 16
VisualStudioVersion = 16.0.29905.134
MinimumVisualStudioVersion = 10.0.40219.1
Project("{9A19103F-16F7-4668-BE54-9A1E7A4F7556}") = "FFXIVOpcodes", "FFXIVOpcodes.csproj", "{E975FEA7-A75D-4067-A230-6B4A60B0008D}"
EndProject
Project("{2150E333-8FDC-42A3-9474-1A3956D46DE8}") = "Github", "Github", "{5C34F192-2A8C-4CD0-8C7E-5D51D4606869}"
	ProjectSection(SolutionItems) = preProject
		..\.gitignore = ..\.gitignore
		..\LICENSE = ..\LICENSE
		..\README.md = ..\README.md
	EndProjectSection
EndProject
Project("{2150E333-8FDC-42A3-9474-1A3956D46DE8}") = "Output", "Output", "{62613B37-4C8B-473C-85E4-DB48C50D5A12}"
	ProjectSection(SolutionItems) = preProject
		..\opcodes.json = ..\opcodes.json
		..\opcodes.min.json = ..\opcodes.min.json
	EndProjectSection
EndProject
Project("{FAE04EC0-301F-11D3-BF4B-00C04F79EFBC}") = "FFXIVDataStructures", "..\FFXIVDataStructures\FFXIVDataStructures.csproj", "{1A08393A-71AB-4037-A0A7-B8F545058FED}"
EndProject
Global
	GlobalSection(SolutionConfigurationPlatforms) = preSolution
		Debug|Any CPU = Debug|Any CPU
		Release|Any CPU = Release|Any CPU
	EndGlobalSection
	GlobalSection(ProjectConfigurationPlatforms) = postSolution
		{E975FEA7-A75D-4067-A230-6B4A60B0008D}.Debug|Any CPU.ActiveCfg = Debug|Any CPU
		{E975FEA7-A75D-4067-A230-6B4A60B0008D}.Debug|Any CPU.Build.0 = Debug|Any CPU
		{E975FEA7-A75D-4067-A230-6B4A60B0008D}.Release|Any CPU.ActiveCfg = Release|Any CPU
		{E975FEA7-A75D-4067-A230-6B4A60B0008D}.Release|Any CPU.Build.0 = Release|Any CPU
		{1A08393A-71AB-4037-A0A7-B8F545058FED}.Debug|Any CPU.ActiveCfg = Debug|Any CPU
		{1A08393A-71AB-4037-A0A7-B8F545058FED}.Debug|Any CPU.Build.0 = Debug|Any CPU
		{1A08393A-71AB-4037-A0A7-B8F545058FED}.Release|Any CPU.ActiveCfg = Release|Any CPU
		{1A08393A-71AB-4037-A0A7-B8F545058FED}.Release|Any CPU.Build.0 = Release|Any CPU
	EndGlobalSection
	GlobalSection(SolutionProperties) = preSolution
		HideSolutionNode = FALSE
	EndGlobalSection
	GlobalSection(ExtensibilityGlobals) = postSolution
		SolutionGuid = {3B97F4C2-6C6B-4EF5-8DAB-B214F176D718}
	EndGlobalSection
EndGlobal
